# THIS IS AN AUTOGENERATED FILE. DO NOT EDIT THIS FILE DIRECTLY.
# yarn lockfile v1


crypto-js@^4.0.0:
  version "4.0.0"
  resolved "https://registry.yarnpkg.com/crypto-js/-/crypto-js-4.0.0.tgz#2904ab2677a9d042856a2ea2ef80de92e4a36dcc"
  integrity sha512-bzHZN8Pn+gS7DQA6n+iUmBfl0hO5DJq++QP3U6uTucDtk/0iGpXd/Gg7CGR0p8tJhofJyaKoWBuJI4eAO00BBg==

emailjs-com@^2.4.1:
  version "2.4.1"
  resolved "https://registry.yarnpkg.com/emailjs-com/-/emailjs-com-2.4.1.tgz#a785b2c13a232714a0376938ecc13a1bfaad6e62"
  integrity sha512-JOnOm+dRv1Rc+yy+Y0QXKxYYdpbRl7C9xlOwKyTmpbCqAM6rcXRAc/D1igiPHqn1eTvCKzpeursTqfX6e7bdBw==
